
Microsoft Visual Studio Solution File, Format Version 12.00
# Visual Studio 14
VisualStudioVersion = 14.0.23107.0
MinimumVisualStudioVersion = 10.0.40219.1
Project("{FAE04EC0-301F-11D3-BF4B-00C04F79EFBC}") = "Sandboxer", "Sandboxer\Sandboxer.csproj", "{12FDF11E-CAAD-41D5-8E10-5FB590D634C1}"
EndProject
Project("{FAE04EC0-301F-11D3-BF4B-00C04F79EFBC}") = "Sandboxer.Tests", "Sandboxer.Tests\Sandboxer.Tests.csproj", "{B65111CB-2FE0-4E62-B469-60E3050906E7}"
EndProject
Project("{FAE04EC0-301F-11D3-BF4B-00C04F79EFBC}") = "Sandboxer.Tests.Interfaces", "Sandboxer.Tests.Interfaces\Sandboxer.Tests.Interfaces.csproj", "{E7A4F19F-1A7B-49DF-B24E-61FD11B493E7}"
EndProject
Global
	GlobalSection(SolutionConfigurationPlatforms) = preSolution
		Debug|Any CPU = Debug|Any CPU
		Release|Any CPU = Release|Any CPU
	EndGlobalSection
	GlobalSection(ProjectConfigurationPlatforms) = postSolution
		{12FDF11E-CAAD-41D5-8E10-5FB590D634C1}.Debug|Any CPU.ActiveCfg = Debug|Any CPU
		{12FDF11E-CAAD-41D5-8E10-5FB590D634C1}.Debug|Any CPU.Build.0 = Debug|Any CPU
		{12FDF11E-CAAD-41D5-8E10-5FB590D634C1}.Release|Any CPU.ActiveCfg = Release|Any CPU
		{12FDF11E-CAAD-41D5-8E10-5FB590D634C1}.Release|Any CPU.Build.0 = Release|Any CPU
		{B65111CB-2FE0-4E62-B469-60E3050906E7}.Debug|Any CPU.ActiveCfg = Debug|Any CPU
		{B65111CB-2FE0-4E62-B469-60E3050906E7}.Debug|Any CPU.Build.0 = Debug|Any CPU
		{B65111CB-2FE0-4E62-B469-60E3050906E7}.Release|Any CPU.ActiveCfg = Release|Any CPU
		{B65111CB-2FE0-4E62-B469-60E3050906E7}.Release|Any CPU.Build.0 = Release|Any CPU
		{E7A4F19F-1A7B-49DF-B24E-61FD11B493E7}.Debug|Any CPU.ActiveCfg = Debug|Any CPU
		{E7A4F19F-1A7B-49DF-B24E-61FD11B493E7}.Debug|Any CPU.Build.0 = Debug|Any CPU
		{E7A4F19F-1A7B-49DF-B24E-61FD11B493E7}.Release|Any CPU.ActiveCfg = Release|Any CPU
		{E7A4F19F-1A7B-49DF-B24E-61FD11B493E7}.Release|Any CPU.Build.0 = Release|Any CPU
	EndGlobalSection
	GlobalSection(SolutionProperties) = preSolution
		HideSolutionNode = FALSE
	EndGlobalSection
EndGlobal
